
Microsoft Visual Studio Solution File, Format Version 12.00
# Visual Studio 2012
# SharpDevelop 5.1
VisualStudioVersion = 14.0.25123.0
MinimumVisualStudioVersion = 10.0.40219.1
Project("{FAE04EC0-301F-11D3-BF4B-00C04F79EFBC}") = "redseaWF", "redseaWF\redseaWF.csproj", "{ECA1DD93-E665-4377-A69F-362A2853675B}"
EndProject
Global
	GlobalSection(SolutionConfigurationPlatforms) = preSolution
		Debug|Any CPU = Debug|Any CPU
		Release|Any CPU = Release|Any CPU
	EndGlobalSection
	GlobalSection(ProjectConfigurationPlatforms) = postSolution
		{ECA1DD93-E665-4377-A69F-362A2853675B}.Debug|Any CPU.ActiveCfg = Debug|Any CPU
		{ECA1DD93-E665-4377-A69F-362A2853675B}.Debug|Any CPU.Build.0 = Debug|Any CPU
		{ECA1DD93-E665-4377-A69F-362A2853675B}.Release|Any CPU.ActiveCfg = Release|Any CPU
		{ECA1DD93-E665-4377-A69F-362A2853675B}.Release|Any CPU.Build.0 = Release|Any CPU
	EndGlobalSection
	GlobalSection(SolutionProperties) = preSolution
		HideSolutionNode = FALSE
	EndGlobalSection
EndGlobal
